PODS:
  - lottie-ios (4.3.0)
  - PaymentGatewaySDKPod (1.0.0)

DEPENDENCIES:
  - lottie-ios (= 4.3.0)
  - PaymentGatewaySDKPod (from `../payment-core`)

SPEC REPOS:
  trunk:
    - lottie-ios

EXTERNAL SOURCES:
  PaymentGatewaySDKPod:
    :path: "../payment-core"

SPEC CHECKSUMS:
  lottie-ios: c69214a487e1a1465a231c1918c6ce174e2d45bc
  PaymentGatewaySDKPod: 00976ab19b20076c59d9bf43ff67031f49033544

PODFILE CHECKSUM: 6fa4a06902bc81a0f71c761ddbd330e20ccda1a5

COCOAPODS: 1.16.2
